
Microsoft Visual Studio Solution File, Format Version 12.00
# Visual Studio Version 17
VisualStudioVersion = 17.0.32112.339
MinimumVisualStudioVersion = 10.0.40219.1
Project("{FAE04EC0-301F-11D3-BF4B-00C04F79EFBC}") = "Exercicio1", "ListaRepeticaoArrays.ConsoleApp\Exercicio1.csproj", "{86D62973-8F14-43DC-B7D9-2BFECE49B28A}"
EndProject
Project("{FAE04EC0-301F-11D3-BF4B-00C04F79EFBC}") = "Exercicio2", "Exercicio2\Exercicio2.csproj", "{2784273D-241A-4EF8-8C12-C1B3A6AE566D}"
EndProject
Project("{FAE04EC0-301F-11D3-BF4B-00C04F79EFBC}") = "Exercicio3", "Exercicio3\Exercicio3.csproj", "{58FA059C-3777-4655-BFF3-9C290C57D857}"
EndProject
Project("{FAE04EC0-301F-11D3-BF4B-00C04F79EFBC}") = "Exercicio4", "Exercicio4\Exercicio4.csproj", "{D4CF722B-0CD5-40E1-89B6-6BFED626206C}"
EndProject
Project("{FAE04EC0-301F-11D3-BF4B-00C04F79EFBC}") = "Exercicio5", "Exercicio5\Exercicio5.csproj", "{7C8EFFC0-2EBA-4225-BFB5-1AB7E26A650D}"
EndProject
Global
	GlobalSection(SolutionConfigurationPlatforms) = preSolution
		Debug|Any CPU = Debug|Any CPU
		Release|Any CPU = Release|Any CPU
	EndGlobalSection
	GlobalSection(ProjectConfigurationPlatforms) = postSolution
		{86D62973-8F14-43DC-B7D9-2BFECE49B28A}.Debug|Any CPU.ActiveCfg = Debug|Any CPU
		{86D62973-8F14-43DC-B7D9-2BFECE49B28A}.Debug|Any CPU.Build.0 = Debug|Any CPU
		{86D62973-8F14-43DC-B7D9-2BFECE49B28A}.Release|Any CPU.ActiveCfg = Release|Any CPU
		{86D62973-8F14-43DC-B7D9-2BFECE49B28A}.Release|Any CPU.Build.0 = Release|Any CPU
		{2784273D-241A-4EF8-8C12-C1B3A6AE566D}.Debug|Any CPU.ActiveCfg = Debug|Any CPU
		{2784273D-241A-4EF8-8C12-C1B3A6AE566D}.Debug|Any CPU.Build.0 = Debug|Any CPU
		{2784273D-241A-4EF8-8C12-C1B3A6AE566D}.Release|Any CPU.ActiveCfg = Release|Any CPU
		{2784273D-241A-4EF8-8C12-C1B3A6AE566D}.Release|Any CPU.Build.0 = Release|Any CPU
		{58FA059C-3777-4655-BFF3-9C290C57D857}.Debug|Any CPU.ActiveCfg = Debug|Any CPU
		{58FA059C-3777-4655-BFF3-9C290C57D857}.Debug|Any CPU.Build.0 = Debug|Any CPU
		{58FA059C-3777-4655-BFF3-9C290C57D857}.Release|Any CPU.ActiveCfg = Release|Any CPU
		{58FA059C-3777-4655-BFF3-9C290C57D857}.Release|Any CPU.Build.0 = Release|Any CPU
		{D4CF722B-0CD5-40E1-89B6-6BFED626206C}.Debug|Any CPU.ActiveCfg = Debug|Any CPU
		{D4CF722B-0CD5-40E1-89B6-6BFED626206C}.Debug|Any CPU.Build.0 = Debug|Any CPU
		{D4CF722B-0CD5-40E1-89B6-6BFED626206C}.Release|Any CPU.ActiveCfg = Release|Any CPU
		{D4CF722B-0CD5-40E1-89B6-6BFED626206C}.Release|Any CPU.Build.0 = Release|Any CPU
		{7C8EFFC0-2EBA-4225-BFB5-1AB7E26A650D}.Debug|Any CPU.ActiveCfg = Debug|Any CPU
		{7C8EFFC0-2EBA-4225-BFB5-1AB7E26A650D}.Debug|Any CPU.Build.0 = Debug|Any CPU
		{7C8EFFC0-2EBA-4225-BFB5-1AB7E26A650D}.Release|Any CPU.ActiveCfg = Release|Any CPU
		{7C8EFFC0-2EBA-4225-BFB5-1AB7E26A650D}.Release|Any CPU.Build.0 = Release|Any CPU
	EndGlobalSection
	GlobalSection(SolutionProperties) = preSolution
		HideSolutionNode = FALSE
	EndGlobalSection
	GlobalSection(ExtensibilityGlobals) = postSolution
		SolutionGuid = {A3CCA482-37DB-41A4-9AD1-C8FC402DB8E5}
	EndGlobalSection
EndGlobal
